Microsoft Visual Studio Solution File, Format Version 12.00
# Visual Studio Version 17
VisualStudioVersion = 17.5.2.0
MinimumVisualStudioVersion = 10.0.40219.1
Project("{FAE04EC0-301F-11D3-BF4B-00C04F79EFBC}") = "hospital", "hospital\hospital.csproj", "{D3396554-759B-E46C-1F09-C37D1E944B23}"
EndProject
Global
	GlobalSection(SolutionConfigurationPlatforms) = preSolution
		Debug|Any CPU = Debug|Any CPU
		Release|Any CPU = Release|Any CPU
	EndGlobalSection
	GlobalSection(ProjectConfigurationPlatforms) = postSolution
		{D3396554-759B-E46C-1F09-C37D1E944B23}.Debug|Any CPU.ActiveCfg = Debug|Any CPU
		{D3396554-759B-E46C-1F09-C37D1E944B23}.Debug|Any CPU.Build.0 = Debug|Any CPU
		{D3396554-759B-E46C-1F09-C37D1E944B23}.Release|Any CPU.ActiveCfg = Release|Any CPU
		{D3396554-759B-E46C-1F09-C37D1E944B23}.Release|Any CPU.Build.0 = Release|Any CPU
	EndGlobalSection
	GlobalSection(SolutionProperties) = preSolution
		HideSolutionNode = FALSE
	EndGlobalSection
	GlobalSection(ExtensibilityGlobals) = postSolution
		SolutionGuid = {5EC5B162-972F-4648-933C-252E9D4F52C4}
	EndGlobalSection
EndGlobal
